// !$*UTF8*$!
{
	archiveVersion = 1;
	classes = {
	};
	objectVersion = 46;
	objects = {

/* Begin PBXBuildFile section */
		3C1FBE231A94F761002CBFFE /* KindrNavigationController.m in Sources */ = {isa = PBXBuildFile; fileRef = 3C1FBE221A94F761002CBFFE /* KindrNavigationController.m */; };
		3C1FBE261A951931002CBFFE /* PostItemView.m in Sources */ = {isa = PBXBuildFile; fileRef = 3C1FBE251A951931002CBFFE /* PostItemView.m */; };
		3C1FBE2C1A967790002CBFFE /* PostDetailViewController.m in Sources */ = {isa = PBXBuildFile; fileRef = 3C1FBE2B1A967790002CBFFE /* PostDetailViewController.m */; };
		3C1FBE2F1A9E476A002CBFFE /* APIClient.m in Sources */ = {isa = PBXBuildFile; fileRef = 3C1FBE2E1A9E476A002CBFFE /* APIClient.m */; };
		3C1FBE351A9FC33A002CBFFE /* Model.xcdatamodeld in Sources */ = {isa = PBXBuildFile; fileRef = 3C1FBE331A9FC33A002CBFFE /* Model.xcdatamodeld */; };
		3C1FBE371A9FCA65002CBFFE /* CoreData.framework in Frameworks */ = {isa = PBXBuildFile; fileRef = 3C1FBE361A9FCA65002CBFFE /* CoreData.framework */; };
		3C3A352C1A93A7AA007598FD /* main.m in Sources */ = {isa = PBXBuildFile; fileRef = 3C3A352B1A93A7AA007598FD /* main.m */; };
		3C3A352F1A93A7AA007598FD /* AppDelegate.m in Sources */ = {isa = PBXBuildFile; fileRef = 3C3A352E1A93A7AA007598FD /* AppDelegate.m */; };
		3C3A35321A93A7AA007598FD /* PostListViewController.m in Sources */ = {isa = PBXBuildFile; fileRef = 3C3A35311A93A7AA007598FD /* PostListViewController.m */; };
		3C3A35351A93A7AA007598FD /* Main.storyboard in Resources */ = {isa = PBXBuildFile; fileRef = 3C3A35331A93A7AA007598FD /* Main.storyboard */; };
		3C3A35371A93A7AA007598FD /* Images.xcassets in Resources */ = {isa = PBXBuildFile; fileRef = 3C3A35361A93A7AA007598FD /* Images.xcassets */; };
		3C3A353A1A93A7AB007598FD /* LaunchScreen.xib in Resources */ = {isa = PBXBuildFile; fileRef = 3C3A35381A93A7AA007598FD /* LaunchScreen.xib */; };
		3C3A35461A93A7AB007598FD /* KindrTests.m in Sources */ = {isa = PBXBuildFile; fileRef = 3C3A35451A93A7AB007598FD /* KindrTests.m */; };
		3CDDB2CD1AA4FF3D001193CA /* KindrTabController.m in Sources */ = {isa = PBXBuildFile; fileRef = 3CDDB2CC1AA4FF3D001193CA /* KindrTabController.m */; };
		3CDDB2D01AA63F5F001193CA /* Post.m in Sources */ = {isa = PBXBuildFile; fileRef = 3CDDB2CF1AA63F5F001193CA /* Post.m */; };
		3CDDB2D31AA63FC2001193CA /* SavedPostViewController.m in Sources */ = {isa = PBXBuildFile; fileRef = 3CDDB2D21AA63FC2001193CA /* SavedPostViewController.m */; };
		3CDDB2D61AAA4FDE001193CA /* Credentials.m in Sources */ = {isa = PBXBuildFile; fileRef = 3CDDB2D51AAA4FDE001193CA /* Credentials.m */; };
		A15B945102436DDAE72B0A95 /* libPods.a in Frameworks */ = {isa = PBXBuildFile; fileRef = 9A8383EE5F7648A118A283F3 /* libPods.a */; };
/* End PBXBuildFile section */

/* Begin PBXContainerItemProxy section */
		3C3A35401A93A7AB007598FD /* PBXContainerItemProxy */ = {
			isa = PBXContainerItemProxy;
			containerPortal = 3C3A351E1A93A7AA007598FD /* Project object */;
			proxyType = 1;
			remoteGlobalIDString = 3C3A35251A93A7AA007598FD;
			remoteInfo = Kindr;
		};
/* End PBXContainerItemProxy section */

/* Begin PBXFileReference section */
		219662D245D45E63EFBAF67B /* Pods.debug.xcconfig */ = {isa = PBXFileReference; includeInIndex = 1; lastKnownFileType = text.xcconfig; name = Pods.debug.xcconfig; path = "Pods/Target Support Files/Pods/Pods.debug.xcconfig"; sourceTree = "<group>"; };
		3C1FBE211A94F761002CBFFE /* KindrNavigationController.h */ = {isa = PBXFileReference; fileEncoding = 4; lastKnownFileType = sourcecode.c.h; path = KindrNavigationController.h; sourceTree = "<group>"; };
		3C1FBE221A94F761002CBFFE /* KindrNavigationController.m */ = {isa = PBXFileReference; fileEncoding = 4; lastKnownFileType = sourcecode.c.objc; path = KindrNavigationController.m; sourceTree = "<group>"; };
		3C1FBE241A951931002CBFFE /* PostItemView.h */ = {isa = PBXFileReference; fileEncoding = 4; lastKnownFileType = sourcecode.c.h; path = PostItemView.h; sourceTree = "<group>"; };
		3C1FBE251A951931002CBFFE /* PostItemView.m */ = {isa = PBXFileReference; fileEncoding = 4; lastKnownFileType = sourcecode.c.objc; path = PostItemView.m; sourceTree = "<group>"; };
		3C1FBE2A1A967790002CBFFE /* PostDetailViewController.h */ = {isa = PBXFileReference; fileEncoding = 4; lastKnownFileType = sourcecode.c.h; path = PostDetailViewController.h; sourceTree = "<group>"; };
		3C1FBE2B1A967790002CBFFE /* PostDetailViewController.m */ = {isa = PBXFileReference; fileEncoding = 4; lastKnownFileType = sourcecode.c.objc; path = PostDetailViewController.m; sourceTree = "<group>"; };
		3C1FBE2D1A9E476A002CBFFE /* APIClient.h */ = {isa = PBXFileReference; fileEncoding = 4; lastKnownFileType = sourcecode.c.h; path = APIClient.h; sourceTree = "<group>"; };
		3C1FBE2E1A9E476A002CBFFE /* APIClient.m */ = {isa = PBXFileReference; fileEncoding = 4; lastKnownFileType = sourcecode.c.objc; path = APIClient.m; sourceTree = "<group>"; };
		3C1FBE341A9FC33A002CBFFE /* Model.xcdatamodel */ = {isa = PBXFileReference; lastKnownFileType = wrapper.xcdatamodel; path = Model.xcdatamodel; sourceTree = "<group>"; };
		3C1FBE361A9FCA65002CBFFE /* CoreData.framework */ = {isa = PBXFileReference; lastKnownFileType = wrapper.framework; name = CoreData.framework; path = System/Library/Frameworks/CoreData.framework; sourceTree = SDKROOT; };
		3C3A35261A93A7AA007598FD /* Kindr.app */ = {isa = PBXFileReference; explicitFileType = wrapper.application; includeInIndex = 0; path = Kindr.app; sourceTree = BUILT_PRODUCTS_DIR; };
		3C3A352A1A93A7AA007598FD /* Info.plist */ = {isa = PBXFileReference; lastKnownFileType = text.plist.xml; path = Info.plist; sourceTree = "<group>"; };
		3C3A352B1A93A7AA007598FD /* main.m */ = {isa = PBXFileReference; lastKnownFileType = sourcecode.c.objc; path = main.m; sourceTree = "<group>"; };
		3C3A352D1A93A7AA007598FD /* AppDelegate.h */ = {isa = PBXFileReference; lastKnownFileType = sourcecode.c.h; path = AppDelegate.h; sourceTree = "<group>"; };
		3C3A352E1A93A7AA007598FD /* AppDelegate.m */ = {isa = PBXFileReference; lastKnownFileType = sourcecode.c.objc; path = AppDelegate.m; sourceTree = "<group>"; };
		3C3A35301A93A7AA007598FD /* PostListViewController.h */ = {isa = PBXFileReference; lastKnownFileType = sourcecode.c.h; path = PostListViewController.h; sourceTree = "<group>"; };
		3C3A35311A93A7AA007598FD /* PostListViewController.m */ = {isa = PBXFileReference; lastKnownFileType = sourcecode.c.objc; path = PostListViewController.m; sourceTree = "<group>"; };
		3C3A35341A93A7AA007598FD /* Base */ = {isa = PBXFileReference; lastKnownFileType = file.storyboard; name = Base; path = Base.lproj/Main.storyboard; sourceTree = "<group>"; };
		3C3A35361A93A7AA007598FD /* Images.xcassets */ = {isa = PBXFileReference; lastKnownFileType = folder.assetcatalog; path = Images.xcassets; sourceTree = "<group>"; };
		3C3A35391A93A7AA007598FD /* Base */ = {isa = PBXFileReference; lastKnownFileType = file.xib; name = Base; path = Base.lproj/LaunchScreen.xib; sourceTree = "<group>"; };
		3C3A353F1A93A7AB007598FD /* KindrTests.xctest */ = {isa = PBXFileReference; explicitFileType = wrapper.cfbundle; includeInIndex = 0; path = KindrTests.xctest; sourceTree = BUILT_PRODUCTS_DIR; };
		3C3A35441A93A7AB007598FD /* Info.plist */ = {isa = PBXFileReference; lastKnownFileType = text.plist.xml; path = Info.plist; sourceTree = "<group>"; };
		3C3A35451A93A7AB007598FD /* KindrTests.m */ = {isa = PBXFileReference; lastKnownFileType = sourcecode.c.objc; path = KindrTests.m; sourceTree = "<group>"; };
		3CDDB2CB1AA4FF3D001193CA /* KindrTabController.h */ = {isa = PBXFileReference; fileEncoding = 4; lastKnownFileType = sourcecode.c.h; path = KindrTabController.h; sourceTree = "<group>"; };
		3CDDB2CC1AA4FF3D001193CA /* KindrTabController.m */ = {isa = PBXFileReference; fileEncoding = 4; lastKnownFileType = sourcecode.c.objc; path = KindrTabController.m; sourceTree = "<group>"; };
		3CDDB2CE1AA63F5F001193CA /* Post.h */ = {isa = PBXFileReference; fileEncoding = 4; lastKnownFileType = sourcecode.c.h; path = Post.h; sourceTree = "<group>"; };
		3CDDB2CF1AA63F5F001193CA /* Post.m */ = {isa = PBXFileReference; fileEncoding = 4; lastKnownFileType = sourcecode.c.objc; path = Post.m; sourceTree = "<group>"; };
		3CDDB2D11AA63FC2001193CA /* SavedPostViewController.h */ = {isa = PBXFileReference; fileEncoding = 4; lastKnownFileType = sourcecode.c.h; path = SavedPostViewController.h; sourceTree = "<group>"; };
		3CDDB2D21AA63FC2001193CA /* SavedPostViewController.m */ = {isa = PBXFileReference; fileEncoding = 4; lastKnownFileType = sourcecode.c.objc; path = SavedPostViewController.m; sourceTree = "<group>"; };
		3CDDB2D41AAA4FDE001193CA /* Credentials.h */ = {isa = PBXFileReference; fileEncoding = 4; lastKnownFileType = sourcecode.c.h; path = Credentials.h; sourceTree = "<group>"; };
		3CDDB2D51AAA4FDE001193CA /* Credentials.m */ = {isa = PBXFileReference; fileEncoding = 4; lastKnownFileType = sourcecode.c.objc; path = Credentials.m; sourceTree = "<group>"; };
		9A8383EE5F7648A118A283F3 /* libPods.a */ = {isa = PBXFileReference; explicitFileType = archive.ar; includeInIndex = 0; path = libPods.a; sourceTree = BUILT_PRODUCTS_DIR; };
		EF11F36CFE4CFBE02D123CDC /* Pods.release.xcconfig */ = {isa = PBXFileReference; includeInIndex = 1; lastKnownFileType = text.xcconfig; name = Pods.release.xcconfig; path = "Pods/Target Support Files/Pods/Pods.release.xcconfig"; sourceTree = "<group>"; };
/* End PBXFileReference section */

/* Begin PBXFrameworksBuildPhase section */
		3C3A35231A93A7AA007598FD /* Frameworks */ = {
			isa = PBXFrameworksBuildPhase;
			buildActionMask = 2147483647;
			files = (
				3C1FBE371A9FCA65002CBFFE /* CoreData.framework in Frameworks */,
				A15B945102436DDAE72B0A95 /* libPods.a in Frameworks */,
			);
			runOnlyForDeploymentPostprocessing = 0;
		};
		3C3A353C1A93A7AB007598FD /* Frameworks */ = {
			isa = PBXFrameworksBuildPhase;
			buildActionMask = 2147483647;
			files = (
			);
			runOnlyForDeploymentPostprocessing = 0;
		};
/* End PBXFrameworksBuildPhase section */

/* Begin PBXGroup section */
		3108CA9DE7F5CAED9A283773 /* Frameworks */ = {
			isa = PBXGroup;
			children = (
				3C1FBE361A9FCA65002CBFFE /* CoreData.framework */,
				9A8383EE5F7648A118A283F3 /* libPods.a */,
			);
			name = Frameworks;
			sourceTree = "<group>";
		};
		3C3A351D1A93A7AA007598FD = {
			isa = PBXGroup;
			children = (
				3C3A35281A93A7AA007598FD /* Kindr */,
				3C3A35421A93A7AB007598FD /* KindrTests */,
				3C3A35271A93A7AA007598FD /* Products */,
				D764DC61DDE2F074E133CE7D /* Pods */,
				3108CA9DE7F5CAED9A283773 /* Frameworks */,
			);
			sourceTree = "<group>";
		};
		3C3A35271A93A7AA007598FD /* Products */ = {
			isa = PBXGroup;
			children = (
				3C3A35261A93A7AA007598FD /* Kindr.app */,
				3C3A353F1A93A7AB007598FD /* KindrTests.xctest */,
			);
			name = Products;
			sourceTree = "<group>";
		};
		3C3A35281A93A7AA007598FD /* Kindr */ = {
			isa = PBXGroup;
			children = (
				3C3A352D1A93A7AA007598FD /* AppDelegate.h */,
				3C3A352E1A93A7AA007598FD /* AppDelegate.m */,
				3C1FBE2A1A967790002CBFFE /* PostDetailViewController.h */,
				3C1FBE2B1A967790002CBFFE /* PostDetailViewController.m */,
				3C3A35301A93A7AA007598FD /* PostListViewController.h */,
				3C3A35311A93A7AA007598FD /* PostListViewController.m */,
				3CDDB2D11AA63FC2001193CA /* SavedPostViewController.h */,
				3CDDB2D21AA63FC2001193CA /* SavedPostViewController.m */,
				3CDDB2CB1AA4FF3D001193CA /* KindrTabController.h */,
				3CDDB2CC1AA4FF3D001193CA /* KindrTabController.m */,
				3C1FBE211A94F761002CBFFE /* KindrNavigationController.h */,
				3C1FBE221A94F761002CBFFE /* KindrNavigationController.m */,
				3C1FBE241A951931002CBFFE /* PostItemView.h */,
				3C1FBE251A951931002CBFFE /* PostItemView.m */,
				3C1FBE2D1A9E476A002CBFFE /* APIClient.h */,
				3C1FBE2E1A9E476A002CBFFE /* APIClient.m */,
				3CDDB2D41AAA4FDE001193CA /* Credentials.h */,
				3CDDB2D51AAA4FDE001193CA /* Credentials.m */,
				3C3A35361A93A7AA007598FD /* Images.xcassets */,
				3C1FBE331A9FC33A002CBFFE /* Model.xcdatamodeld */,
				3CDDB2CE1AA63F5F001193CA /* Post.h */,
				3CDDB2CF1AA63F5F001193CA /* Post.m */,
				3C3A35381A93A7AA007598FD /* LaunchScreen.xib */,
				3C3A35331A93A7AA007598FD /* Main.storyboard */,
				3C3A35291A93A7AA007598FD /* Supporting Files */,
			);
			path = Kindr;
			sourceTree = "<group>";
		};
		3C3A35291A93A7AA007598FD /* Supporting Files */ = {
			isa = PBXGroup;
			children = (
				3C3A352A1A93A7AA007598FD /* Info.plist */,
				3C3A352B1A93A7AA007598FD /* main.m */,
			);
			name = "Supporting Files";
			sourceTree = "<group>";
		};
		3C3A35421A93A7AB007598FD /* KindrTests */ = {
			isa = PBXGroup;
			children = (
				3C3A35451A93A7AB007598FD /* KindrTests.m */,
				3C3A35431A93A7AB007598FD /* Supporting Files */,
			);
			path = KindrTests;
			sourceTree = "<group>";
		};
		3C3A35431A93A7AB007598FD /* Supporting Files */ = {
			isa = PBXGroup;
			children = (
				3C3A35441A93A7AB007598FD /* Info.plist */,
			);
			name = "Supporting Files";
			sourceTree = "<group>";
		};
		D764DC61DDE2F074E133CE7D /* Pods */ = {
			isa = PBXGroup;
			children = (
				219662D245D45E63EFBAF67B /* Pods.debug.xcconfig */,
				EF11F36CFE4CFBE02D123CDC /* Pods.release.xcconfig */,
			);
			name = Pods;
			sourceTree = "<group>";
		};
/* End PBXGroup section */

/* Begin PBXNativeTarget section */
		3C3A35251A93A7AA007598FD /* Kindr */ = {
			isa = PBXNativeTarget;
			buildConfigurationList = 3C3A35491A93A7AB007598FD /* Build configuration list for PBXNativeTarget "Kindr" */;
			buildPhases = (
				F99C0F9B1759DCD23EB1F696 /* Check Pods Manifest.lock */,
				3C3A35221A93A7AA007598FD /* Sources */,
				3C3A35231A93A7AA007598FD /* Frameworks */,
				3C3A35241A93A7AA007598FD /* Resources */,
				26EC4DA108ED38F11A88D3BC /* Copy Pods Resources */,
			);
			buildRules = (
			);
			dependencies = (
			);
			name = Kindr;
			productName = Kindr;
			productReference = 3C3A35261A93A7AA007598FD /* Kindr.app */;
			productType = "com.apple.product-type.application";
		};
		3C3A353E1A93A7AB007598FD /* KindrTests */ = {
			isa = PBXNativeTarget;
			buildConfigurationList = 3C3A354C1A93A7AB007598FD /* Build configuration list for PBXNativeTarget "KindrTests" */;
			buildPhases = (
				3C3A353B1A93A7AB007598FD /* Sources */,
				3C3A353C1A93A7AB007598FD /* Frameworks */,
				3C3A353D1A93A7AB007598FD /* Resources */,
			);
			buildRules = (
			);
			dependencies = (
				3C3A35411A93A7AB007598FD /* PBXTargetDependency */,
			);
			name = KindrTests;
			productName = KindrTests;
			productReference = 3C3A353F1A93A7AB007598FD /* KindrTests.xctest */;
			productType = "com.apple.product-type.bundle.unit-test";
		};
/* End PBXNativeTarget section */

/* Begin PBXProject section */
		3C3A351E1A93A7AA007598FD /* Project object */ = {
			isa = PBXProject;
			attributes = {
				LastUpgradeCheck = 0610;
				ORGANIZATIONNAME = "Kyle Lucovsky";
				TargetAttributes = {
					3C3A35251A93A7AA007598FD = {
						CreatedOnToolsVersion = 6.1;
						DevelopmentTeam = 3229ATD34P;
					};
					3C3A353E1A93A7AB007598FD = {
						CreatedOnToolsVersion = 6.1;
						TestTargetID = 3C3A35251A93A7AA007598FD;
					};
				};
			};
			buildConfigurationList = 3C3A35211A93A7AA007598FD /* Build configuration list for PBXProject "Kindr" */;
			compatibilityVersion = "Xcode 3.2";
			developmentRegion = English;
			hasScannedForEncodings = 0;
			knownRegions = (
				en,
				Base,
			);
			mainGroup = 3C3A351D1A93A7AA007598FD;
			productRefGroup = 3C3A35271A93A7AA007598FD /* Products */;
			projectDirPath = "";
			projectRoot = "";
			targets = (
				3C3A35251A93A7AA007598FD /* Kindr */,
				3C3A353E1A93A7AB007598FD /* KindrTests */,
			);
		};
/* End PBXProject section */

/* Begin PBXResourcesBuildPhase section */
		3C3A35241A93A7AA007598FD /* Resources */ = {
			isa = PBXResourcesBuildPhase;
			buildActionMask = 2147483647;
			files = (
				3C3A35351A93A7AA007598FD /* Main.storyboard in Resources */,
				3C3A353A1A93A7AB007598FD /* LaunchScreen.xib in Resources */,
				3C3A35371A93A7AA007598FD /* Images.xcassets in Resources */,
			);
			runOnlyForDeploymentPostprocessing = 0;
		};
		3C3A353D1A93A7AB007598FD /* Resources */ = {
			isa = PBXResourcesBuildPhase;
			buildActionMask = 2147483647;
			files = (
			);
			runOnlyForDeploymentPostprocessing = 0;
		};
/* End PBXResourcesBuildPhase section */

/* Begin PBXShellScriptBuildPhase section */
		26EC4DA108ED38F11A88D3BC /* Copy Pods Resources */ = {
			isa = PBXShellScriptBuildPhase;
			buildActionMask = 2147483647;
			files = (
			);
			inputPaths = (
			);
			name = "Copy Pods Resources";
			outputPaths = (
			);
			runOnlyForDeploymentPostprocessing = 0;
			shellPath = /bin/sh;
			shellScript = "\"${SRCROOT}/Pods/Target Support Files/Pods/Pods-resources.sh\"\n";
			showEnvVarsInLog = 0;
		};
		F99C0F9B1759DCD23EB1F696 /* Check Pods Manifest.lock */ = {
			isa = PBXShellScriptBuildPhase;
			buildActionMask = 2147483647;
			files = (
			);
			inputPaths = (
			);
			name = "Check Pods Manifest.lock";
			outputPaths = (
			);
			runOnlyForDeploymentPostprocessing = 0;
			shellPath = /bin/sh;
			shellScript = "diff \"${PODS_ROOT}/../Podfile.lock\" \"${PODS_ROOT}/Manifest.lock\" > /dev/null\nif [[ $? != 0 ]] ; then\n    cat << EOM\nerror: The sandbox is not in sync with the Podfile.lock. Run 'pod install' or update your CocoaPods installation.\nEOM\n    exit 1\nfi\n";
			showEnvVarsInLog = 0;
		};
/* End PBXShellScriptBuildPhase section */

/* Begin PBXSourcesBuildPhase section */
		3C3A35221A93A7AA007598FD /* Sources */ = {
			isa = PBXSourcesBuildPhase;
			buildActionMask = 2147483647;
			files = (
				3C3A35321A93A7AA007598FD /* PostListViewController.m in Sources */,
				3CDDB2D31AA63FC2001193CA /* SavedPostViewController.m in Sources */,
				3CDDB2D61AAA4FDE001193CA /* Credentials.m in Sources */,
				3C3A352F1A93A7AA007598FD /* AppDelegate.m in Sources */,
				3C1FBE2C1A967790002CBFFE /* PostDetailViewController.m in Sources */,
				3C1FBE261A951931002CBFFE /* PostItemView.m in Sources */,
				3C3A352C1A93A7AA007598FD /* main.m in Sources */,
				3C1FBE351A9FC33A002CBFFE /* Model.xcdatamodeld in Sources */,
				3CDDB2CD1AA4FF3D001193CA /* KindrTabController.m in Sources */,
				3CDDB2D01AA63F5F001193CA /* Post.m in Sources */,
				3C1FBE231A94F761002CBFFE /* KindrNavigationController.m in Sources */,
				3C1FBE2F1A9E476A002CBFFE /* APIClient.m in Sources */,
			);
			runOnlyForDeploymentPostprocessing = 0;
		};
		3C3A353B1A93A7AB007598FD /* Sources */ = {
			isa = PBXSourcesBuildPhase;
			buildActionMask = 2147483647;
			files = (
				3C3A35461A93A7AB007598FD /* KindrTests.m in Sources */,
			);
			runOnlyForDeploymentPostprocessing = 0;
		};
/* End PBXSourcesBuildPhase section */

/* Begin PBXTargetDependency section */
		3C3A35411A93A7AB007598FD /* PBXTargetDependency */ = {
			isa = PBXTargetDependency;
			target = 3C3A35251A93A7AA007598FD /* Kindr */;
			targetProxy = 3C3A35401A93A7AB007598FD /* PBXContainerItemProxy */;
		};
/* End PBXTargetDependency section */

/* Begin PBXVariantGroup section */
		3C3A35331A93A7AA007598FD /* Main.storyboard */ = {
			isa = PBXVariantGroup;
			children = (
				3C3A35341A93A7AA007598FD /* Base */,
			);
			name = Main.storyboard;
			sourceTree = "<group>";
		};
		3C3A35381A93A7AA007598FD /* LaunchScreen.xib */ = {
			isa = PBXVariantGroup;
			children = (
				3C3A35391A93A7AA007598FD /* Base */,
			);
			name = LaunchScreen.xib;
			sourceTree = "<group>";
		};
/* End PBXVariantGroup section */

/* Begin XCBuildConfiguration section */
		3C3A35471A93A7AB007598FD /* Debug */ = {
			isa = XCBuildConfiguration;
			buildSettings = {
				ALWAYS_SEARCH_USER_PATHS = NO;
				CLANG_CXX_LANGUAGE_STANDARD = "gnu++0x";
				CLANG_CXX_LIBRARY = "libc++";
				CLANG_ENABLE_MODULES = YES;
				CLANG_ENABLE_OBJC_ARC = YES;
				CLANG_WARN_BOOL_CONVERSION = YES;
				CLANG_WARN_CONSTANT_CONVERSION = YES;
				CLANG_WARN_DIRECT_OBJC_ISA_USAGE = YES_ERROR;
				CLANG_WARN_EMPTY_BODY = YES;
				CLANG_WARN_ENUM_CONVERSION = YES;
				CLANG_WARN_INT_CONVERSION = YES;
				CLANG_WARN_OBJC_ROOT_CLASS = YES_ERROR;
				CLANG_WARN_UNREACHABLE_CODE = YES;
				CLANG_WARN__DUPLICATE_METHOD_MATCH = YES;
				"CODE_SIGN_IDENTITY[sdk=iphoneos*]" = "iPhone Developer";
				COPY_PHASE_STRIP = NO;
				ENABLE_STRICT_OBJC_MSGSEND = YES;
				GCC_C_LANGUAGE_STANDARD = gnu99;
				GCC_DYNAMIC_NO_PIC = NO;
				GCC_OPTIMIZATION_LEVEL = 0;
				GCC_PREPROCESSOR_DEFINITIONS = (
					"DEBUG=1",
					"$(inherited)",
				);
				GCC_SYMBOLS_PRIVATE_EXTERN = NO;
				GCC_WARN_64_TO_32_BIT_CONVERSION = YES;
				GCC_WARN_ABOUT_RETURN_TYPE = YES_ERROR;
				GCC_WARN_UNDECLARED_SELECTOR = YES;
				GCC_WARN_UNINITIALIZED_AUTOS = YES_AGGRESSIVE;
				GCC_WARN_UNUSED_FUNCTION = YES;
				GCC_WARN_UNUSED_VARIABLE = YES;
				IPHONEOS_DEPLOYMENT_TARGET = 8.1;
				MTL_ENABLE_DEBUG_INFO = YES;
				ONLY_ACTIVE_ARCH = YES;
				SDKROOT = iphoneos;
			};
			name = Debug;
		};
		3C3A35481A93A7AB007598FD /* Release */ = {
			isa = XCBuildConfiguration;
			buildSettings = {
				ALWAYS_SEARCH_USER_PATHS = NO;
				CLANG_CXX_LANGUAGE_STANDARD = "gnu++0x";
				CLANG_CXX_LIBRARY = "libc++";
				CLANG_ENABLE_MODULES = YES;
				CLANG_ENABLE_OBJC_ARC = YES;
				CLANG_WARN_BOOL_CONVERSION = YES;
				CLANG_WARN_CONSTANT_CONVERSION = YES;
				CLANG_WARN_DIRECT_OBJC_ISA_USAGE = YES_ERROR;
				CLANG_WARN_EMPTY_BODY = YES;
				CLANG_WARN_ENUM_CONVERSION = YES;
				CLANG_WARN_INT_CONVERSION = YES;
				CLANG_WARN_OBJC_ROOT_CLASS = YES_ERROR;
				CLANG_WARN_UNREACHABLE_CODE = YES;
				CLANG_WARN__DUPLICATE_METHOD_MATCH = YES;
				"CODE_SIGN_IDENTITY[sdk=iphoneos*]" = "iPhone Developer";
				COPY_PHASE_STRIP = YES;
				ENABLE_NS_ASSERTIONS = NO;
				ENABLE_STRICT_OBJC_MSGSEND = YES;
				GCC_C_LANGUAGE_STANDARD = gnu99;
				GCC_WARN_64_TO_32_BIT_CONVERSION = YES;
				GCC_WARN_ABOUT_RETURN_TYPE = YES_ERROR;
				GCC_WARN_UNDECLARED_SELECTOR = YES;
				GCC_WARN_UNINITIALIZED_AUTOS = YES_AGGRESSIVE;
				GCC_WARN_UNUSED_FUNCTION = YES;
				GCC_WARN_UNUSED_VARIABLE = YES;
				IPHONEOS_DEPLOYMENT_TARGET = 8.1;
				MTL_ENABLE_DEBUG_INFO = NO;
				SDKROOT = iphoneos;
				VALIDATE_PRODUCT = YES;
			};
			name = Release;
		};
		3C3A354A1A93A7AB007598FD /* Debug */ = {
			isa = XCBuildConfiguration;
			baseConfigurationReference = 219662D245D45E63EFBAF67B /* Pods.debug.xcconfig */;
			buildSettings = {
				ASSETCATALOG_COMPILER_APPICON_NAME = AppIcon;
				CODE_SIGN_IDENTITY = "iPhone Developer";
				"CODE_SIGN_IDENTITY[sdk=iphoneos*]" = "iPhone Developer";
				INFOPLIST_FILE = Kindr/Info.plist;
				LD_RUNPATH_SEARCH_PATHS = "$(inherited) @executable_path/Frameworks";
				PRODUCT_NAME = "$(TARGET_NAME)";
				PROVISIONING_PROFILE = "";
			};
			name = Debug;
		};
		3C3A354B1A93A7AB007598FD /* Release */ = {
			isa = XCBuildConfiguration;
			baseConfigurationReference = EF11F36CFE4CFBE02D123CDC /* Pods.release.xcconfig */;
			buildSettings = {
				ASSETCATALOG_COMPILER_APPICON_NAME = AppIcon;
				CODE_SIGN_IDENTITY = "iPhone Developer";
				"CODE_SIGN_IDENTITY[sdk=iphoneos*]" = "iPhone Developer";
				INFOPLIST_FILE = Kindr/Info.plist;
				LD_RUNPATH_SEARCH_PATHS = "$(inherited) @executable_path/Frameworks";
				PRODUCT_NAME = "$(TARGET_NAME)";
				PROVISIONING_PROFILE = "";
			};
			name = Release;
		};
		3C3A354D1A93A7AB007598FD /* Debug */ = {
			isa = XCBuildConfiguration;
			buildSettings = {
				BUNDLE_LOADER = "$(TEST_HOST)";
				FRAMEWORK_SEARCH_PATHS = (
					"$(SDKROOT)/Developer/Library/Frameworks",
					"$(inherited)",
				);
				GCC_PREPROCESSOR_DEFINITIONS = (
					"DEBUG=1",
					"$(inherited)",
				);
				INFOPLIST_FILE = KindrTests/Info.plist;
				LD_RUNPATH_SEARCH_PATHS = "$(inherited) @executable_path/Frameworks @loader_path/Frameworks";
				PRODUCT_NAME = "$(TARGET_NAME)";
				TEST_HOST = "$(BUILT_PRODUCTS_DIR)/Kindr.app/Kindr";
			};
			name = Debug;
		};
		3C3A354E1A93A7AB007598FD /* Release */ = {
			isa = XCBuildConfiguration;
			buildSettings = {
				BUNDLE_LOADER = "$(TEST_HOST)";
				FRAMEWORK_SEARCH_PATHS = (
					"$(SDKROOT)/Developer/Library/Frameworks",
					"$(inherited)",
				);
				INFOPLIST_FILE = KindrTests/Info.plist;
				LD_RUNPATH_SEARCH_PATHS = "$(inherited) @executable_path/Frameworks @loader_path/Frameworks";
				PRODUCT_NAME = "$(TARGET_NAME)";
				TEST_HOST = "$(BUILT_PRODUCTS_DIR)/Kindr.app/Kindr";
			};
			name = Release;
		};
/* End XCBuildConfiguration section */

/* Begin XCConfigurationList section */
		3C3A35211A93A7AA007598FD /* Build configuration list for PBXProject "Kindr" */ = {
			isa = XCConfigurationList;
			buildConfigurations = (
				3C3A35471A93A7AB007598FD /* Debug */,
				3C3A35481A93A7AB007598FD /* Release */,
			);
			defaultConfigurationIsVisible = 0;
			defaultConfigurationName = Release;
		};
		3C3A35491A93A7AB007598FD /* Build configuration list for PBXNativeTarget "Kindr" */ = {
			isa = XCConfigurationList;
			buildConfigurations = (
				3C3A354A1A93A7AB007598FD /* Debug */,
				3C3A354B1A93A7AB007598FD /* Release */,
			);
			defaultConfigurationIsVisible = 0;
			defaultConfigurationName = Release;
		};
		3C3A354C1A93A7AB007598FD /* Build configuration list for PBXNativeTarget "KindrTests" */ = {
			isa = XCConfigurationList;
			buildConfigurations = (
				3C3A354D1A93A7AB007598FD /* Debug */,
				3C3A354E1A93A7AB007598FD /* Release */,
			);
			defaultConfigurationIsVisible = 0;
			defaultConfigurationName = Release;
		};
/* End XCConfigurationList section */

/* Begin XCVersionGroup section */
		3C1FBE331A9FC33A002CBFFE /* Model.xcdatamodeld */ = {
			isa = XCVersionGroup;
			children = (
				3C1FBE341A9FC33A002CBFFE /* Model.xcdatamodel */,
			);
			currentVersion = 3C1FBE341A9FC33A002CBFFE /* Model.xcdatamodel */;
			path = Model.xcdatamodeld;
			sourceTree = "<group>";
			versionGroupType = wrapper.xcdatamodel;
		};
/* End XCVersionGroup section */
	};
	rootObject = 3C3A351E1A93A7AA007598FD /* Project object */;
}
